
Microsoft Visual Studio Solution File, Format Version 12.00
# Visual Studio Version 17
VisualStudioVersion = 17.13.35825.156
MinimumVisualStudioVersion = 10.0.40219.1
Project("{FAE04EC0-301F-11D3-BF4B-00C04F79EFBC}") = "AbCRetailers", "AbCRetailers.csproj", "{6A40E410-713D-4D0A-BEFA-4F335C7C39C1}"
EndProject
Project("{FAE04EC0-301F-11D3-BF4B-00C04F79EFBC}") = "AbcRetailerFunction", "..\AbcRetailerFunction\AbcRetailerFunction.csproj", "{3C37DF81-0D7E-4D7B-80AF-E8593F8E031D}"
EndProject
Global
	GlobalSection(SolutionConfigurationPlatforms) = preSolution
		Debug|Any CPU = Debug|Any CPU
		Release|Any CPU = Release|Any CPU
	EndGlobalSection
	GlobalSection(ProjectConfigurationPlatforms) = postSolution
		{6A40E410-713D-4D0A-BEFA-4F335C7C39C1}.Debug|Any CPU.ActiveCfg = Debug|Any CPU
		{6A40E410-713D-4D0A-BEFA-4F335C7C39C1}.Debug|Any CPU.Build.0 = Debug|Any CPU
		{6A40E410-713D-4D0A-BEFA-4F335C7C39C1}.Release|Any CPU.ActiveCfg = Release|Any CPU
		{6A40E410-713D-4D0A-BEFA-4F335C7C39C1}.Release|Any CPU.Build.0 = Release|Any CPU
		{3C37DF81-0D7E-4D7B-80AF-E8593F8E031D}.Debug|Any CPU.ActiveCfg = Debug|Any CPU
		{3C37DF81-0D7E-4D7B-80AF-E8593F8E031D}.Debug|Any CPU.Build.0 = Debug|Any CPU
		{3C37DF81-0D7E-4D7B-80AF-E8593F8E031D}.Release|Any CPU.ActiveCfg = Release|Any CPU
		{3C37DF81-0D7E-4D7B-80AF-E8593F8E031D}.Release|Any CPU.Build.0 = Release|Any CPU
	EndGlobalSection
	GlobalSection(SolutionProperties) = preSolution
		HideSolutionNode = FALSE
	EndGlobalSection
	GlobalSection(ExtensibilityGlobals) = postSolution
		SolutionGuid = {C89392C3-4B1B-4809-A290-34A3930F30AE}
	EndGlobalSection
EndGlobal
